
Microsoft Visual Studio Solution File, Format Version 12.00
# Visual Studio Version 17
VisualStudioVersion = 17.9.34728.123
MinimumVisualStudioVersion = 10.0.40219.1
Project("{FAE04EC0-301F-11D3-BF4B-00C04F79EFBC}") = "bt7", "bt7\bt7.csproj", "{CC8FE59C-A762-46FF-8C47-88BAAB35B0F7}"
EndProject
Project("{FAE04EC0-301F-11D3-BF4B-00C04F79EFBC}") = "bt72", "bt72\bt72.csproj", "{B5728FBC-F814-46FD-AFB9-69540ACBF84C}"
EndProject
Project("{FAE04EC0-301F-11D3-BF4B-00C04F79EFBC}") = "bt73", "bt73\bt73.csproj", "{228C301D-47F0-4CC6-8EC0-BD7720BD4BFC}"
EndProject
Global
	GlobalSection(SolutionConfigurationPlatforms) = preSolution
		Debug|Any CPU = Debug|Any CPU
		Release|Any CPU = Release|Any CPU
	EndGlobalSection
	GlobalSection(ProjectConfigurationPlatforms) = postSolution
		{CC8FE59C-A762-46FF-8C47-88BAAB35B0F7}.Debug|Any CPU.ActiveCfg = Debug|Any CPU
		{CC8FE59C-A762-46FF-8C47-88BAAB35B0F7}.Debug|Any CPU.Build.0 = Debug|Any CPU
		{CC8FE59C-A762-46FF-8C47-88BAAB35B0F7}.Release|Any CPU.ActiveCfg = Release|Any CPU
		{CC8FE59C-A762-46FF-8C47-88BAAB35B0F7}.Release|Any CPU.Build.0 = Release|Any CPU
		{B5728FBC-F814-46FD-AFB9-69540ACBF84C}.Debug|Any CPU.ActiveCfg = Debug|Any CPU
		{B5728FBC-F814-46FD-AFB9-69540ACBF84C}.Debug|Any CPU.Build.0 = Debug|Any CPU
		{B5728FBC-F814-46FD-AFB9-69540ACBF84C}.Release|Any CPU.ActiveCfg = Release|Any CPU
		{B5728FBC-F814-46FD-AFB9-69540ACBF84C}.Release|Any CPU.Build.0 = Release|Any CPU
		{228C301D-47F0-4CC6-8EC0-BD7720BD4BFC}.Debug|Any CPU.ActiveCfg = Debug|Any CPU
		{228C301D-47F0-4CC6-8EC0-BD7720BD4BFC}.Debug|Any CPU.Build.0 = Debug|Any CPU
		{228C301D-47F0-4CC6-8EC0-BD7720BD4BFC}.Release|Any CPU.ActiveCfg = Release|Any CPU
		{228C301D-47F0-4CC6-8EC0-BD7720BD4BFC}.Release|Any CPU.Build.0 = Release|Any CPU
	EndGlobalSection
	GlobalSection(SolutionProperties) = preSolution
		HideSolutionNode = FALSE
	EndGlobalSection
	GlobalSection(ExtensibilityGlobals) = postSolution
		SolutionGuid = {68927E96-63E7-4CDF-8DF3-E28675485A57}
	EndGlobalSection
EndGlobal
